
Microsoft Visual Studio Solution File, Format Version 12.00
# Visual Studio Version 16
VisualStudioVersion = 16.0.31205.134
MinimumVisualStudioVersion = 10.0.40219.1
Project("{FAE04EC0-301F-11D3-BF4B-00C04F79EFBC}") = "Even Search Method", "Even Search Method\Even Search Method.csproj", "{7EC11896-0FAE-48BB-913B-3DA9BE7E2107}"
EndProject
Global
	GlobalSection(SolutionConfigurationPlatforms) = preSolution
		Debug|Any CPU = Debug|Any CPU
		Release|Any CPU = Release|Any CPU
	EndGlobalSection
	GlobalSection(ProjectConfigurationPlatforms) = postSolution
		{7EC11896-0FAE-48BB-913B-3DA9BE7E2107}.Debug|Any CPU.ActiveCfg = Debug|Any CPU
		{7EC11896-0FAE-48BB-913B-3DA9BE7E2107}.Debug|Any CPU.Build.0 = Debug|Any CPU
		{7EC11896-0FAE-48BB-913B-3DA9BE7E2107}.Release|Any CPU.ActiveCfg = Release|Any CPU
		{7EC11896-0FAE-48BB-913B-3DA9BE7E2107}.Release|Any CPU.Build.0 = Release|Any CPU
	EndGlobalSection
	GlobalSection(SolutionProperties) = preSolution
		HideSolutionNode = FALSE
	EndGlobalSection
	GlobalSection(ExtensibilityGlobals) = postSolution
		SolutionGuid = {C2629BB5-7E05-4189-9E12-1B491E361D3C}
	EndGlobalSection
EndGlobal
